// !$*UTF8*$!
{
	archiveVersion = 1;
	classes = {
	};
	objectVersion = 56;
	objects = {

/* Begin PBXBuildFile section */
		7E4597CCDC681C689310B67E /* Pods_WhatsAppViewCode.framework in Frameworks */ = {isa = PBXBuildFile; fileRef = F50376005E4A5DBD2CD45A99 /* Pods_WhatsAppViewCode.framework */; };
		B86E48A7299FBCC00037FCDC /* AppDelegate.swift in Sources */ = {isa = PBXBuildFile; fileRef = B86E48A6299FBCC00037FCDC /* AppDelegate.swift */; };
		B86E48A9299FBCC00037FCDC /* SceneDelegate.swift in Sources */ = {isa = PBXBuildFile; fileRef = B86E48A8299FBCC00037FCDC /* SceneDelegate.swift */; };
		B86E48B0299FBCCC0037FCDC /* Assets.xcassets in Resources */ = {isa = PBXBuildFile; fileRef = B86E48AF299FBCCC0037FCDC /* Assets.xcassets */; };
		B86E48B3299FBCCC0037FCDC /* LaunchScreen.storyboard in Resources */ = {isa = PBXBuildFile; fileRef = B86E48B1299FBCCC0037FCDC /* LaunchScreen.storyboard */; };
		B86E48C4299FBD1E0037FCDC /* LoginVC.swift in Sources */ = {isa = PBXBuildFile; fileRef = B86E48BC299FBD1C0037FCDC /* LoginVC.swift */; };
		B86E48C5299FBD1E0037FCDC /* LoginScreen.swift in Sources */ = {isa = PBXBuildFile; fileRef = B86E48BE299FBD1C0037FCDC /* LoginScreen.swift */; };
		B86E48C6299FBD1E0037FCDC /* RegisterVC.swift in Sources */ = {isa = PBXBuildFile; fileRef = B86E48C1299FBD1D0037FCDC /* RegisterVC.swift */; };
		B86E48C7299FBD1E0037FCDC /* RegisterScreen.swift in Sources */ = {isa = PBXBuildFile; fileRef = B86E48C3299FBD1D0037FCDC /* RegisterScreen.swift */; };
		B86E48CE299FC2880037FCDC /* Alert.swift in Sources */ = {isa = PBXBuildFile; fileRef = B86E48CD299FC2880037FCDC /* Alert.swift */; };
		B86E48D0299FC9A50037FCDC /* GoogleService-Info.plist in Resources */ = {isa = PBXBuildFile; fileRef = B86E48CF299FC9A50037FCDC /* GoogleService-Info.plist */; };
		B86E48D3299FF8B70037FCDC /* Extension+UiView.swift in Sources */ = {isa = PBXBuildFile; fileRef = B86E48D2299FF8B70037FCDC /* Extension+UiView.swift */; };
		B86E48D5299FF9BF0037FCDC /* Custom.swift in Sources */ = {isa = PBXBuildFile; fileRef = B86E48D4299FF9BF0037FCDC /* Custom.swift */; };
		B86E48DC29A0009B0037FCDC /* Extension+Button.swift in Sources */ = {isa = PBXBuildFile; fileRef = B86E48DB29A0009B0037FCDC /* Extension+Button.swift */; };
		B86E48DE29A003610037FCDC /* Extension+String.swift in Sources */ = {isa = PBXBuildFile; fileRef = B86E48DD29A003610037FCDC /* Extension+String.swift */; };
		B86E48E029A007240037FCDC /* button.wav in Resources */ = {isa = PBXBuildFile; fileRef = B86E48DF29A007240037FCDC /* button.wav */; };
		B86E48E329ACDA420037FCDC /* HomeViewController.swift in Sources */ = {isa = PBXBuildFile; fileRef = B86E48E229ACDA420037FCDC /* HomeViewController.swift */; };
		B86E48E629ACDA9B0037FCDC /* HomeScreen.swift in Sources */ = {isa = PBXBuildFile; fileRef = B86E48E529ACDA9B0037FCDC /* HomeScreen.swift */; };
		B86E48E929ACDB9C0037FCDC /* NavView.swift in Sources */ = {isa = PBXBuildFile; fileRef = B86E48E829ACDB9C0037FCDC /* NavView.swift */; };
		B86E48ED29AD3CAE0037FCDC /* MessageAllModel.swift in Sources */ = {isa = PBXBuildFile; fileRef = B86E48EC29AD3CAE0037FCDC /* MessageAllModel.swift */; };
		B86E48F029AD3F380037FCDC /* MessageLastCollectionViewCell.swift in Sources */ = {isa = PBXBuildFile; fileRef = B86E48EF29AD3F370037FCDC /* MessageLastCollectionViewCell.swift */; };
		B86E48F229AD423D0037FCDC /* MessageDetailCollectionViewCell.swift in Sources */ = {isa = PBXBuildFile; fileRef = B86E48F129AD423D0037FCDC /* MessageDetailCollectionViewCell.swift */; };
		B86E48F529AE3E140037FCDC /* ContatoController.swift in Sources */ = {isa = PBXBuildFile; fileRef = B86E48F429AE3E130037FCDC /* ContatoController.swift */; };
		B86E490829AE92050037FCDC /* ChatViewController.swift in Sources */ = {isa = PBXBuildFile; fileRef = B86E490029AE92040037FCDC /* ChatViewController.swift */; };
		B86E490929AE92050037FCDC /* ChatNavigationView.swift in Sources */ = {isa = PBXBuildFile; fileRef = B86E490229AE92040037FCDC /* ChatNavigationView.swift */; };
		B86E490A29AE92050037FCDC /* OutgoingTextMessageTableViewCell.swift in Sources */ = {isa = PBXBuildFile; fileRef = B86E490429AE92040037FCDC /* OutgoingTextMessageTableViewCell.swift */; };
		B86E490B29AE92060037FCDC /* IncomingTextMessageTableViewCell.swift in Sources */ = {isa = PBXBuildFile; fileRef = B86E490529AE92040037FCDC /* IncomingTextMessageTableViewCell.swift */; };
		B86E490C29AE92060037FCDC /* ChatViewScreen.swift in Sources */ = {isa = PBXBuildFile; fileRef = B86E490729AE92040037FCDC /* ChatViewScreen.swift */; };
/* End PBXBuildFile section */

/* Begin PBXFileReference section */
		3253F2A9E19F6E5C51A5B0D5 /* Pods-WhatsAppViewCode.debug.xcconfig */ = {isa = PBXFileReference; includeInIndex = 1; lastKnownFileType = text.xcconfig; name = "Pods-WhatsAppViewCode.debug.xcconfig"; path = "Target Support Files/Pods-WhatsAppViewCode/Pods-WhatsAppViewCode.debug.xcconfig"; sourceTree = "<group>"; };
		8E7009F065A7310B49354C88 /* Pods-WhatsAppViewCode.release.xcconfig */ = {isa = PBXFileReference; includeInIndex = 1; lastKnownFileType = text.xcconfig; name = "Pods-WhatsAppViewCode.release.xcconfig"; path = "Target Support Files/Pods-WhatsAppViewCode/Pods-WhatsAppViewCode.release.xcconfig"; sourceTree = "<group>"; };
		B86E48A3299FBCC00037FCDC /* WhatsAppViewCode.app */ = {isa = PBXFileReference; explicitFileType = wrapper.application; includeInIndex = 0; path = WhatsAppViewCode.app; sourceTree = BUILT_PRODUCTS_DIR; };
		B86E48A6299FBCC00037FCDC /* AppDelegate.swift */ = {isa = PBXFileReference; lastKnownFileType = sourcecode.swift; path = AppDelegate.swift; sourceTree = "<group>"; };
		B86E48A8299FBCC00037FCDC /* SceneDelegate.swift */ = {isa = PBXFileReference; lastKnownFileType = sourcecode.swift; path = SceneDelegate.swift; sourceTree = "<group>"; };
		B86E48AF299FBCCC0037FCDC /* Assets.xcassets */ = {isa = PBXFileReference; lastKnownFileType = folder.assetcatalog; path = Assets.xcassets; sourceTree = "<group>"; };
		B86E48B2299FBCCC0037FCDC /* Base */ = {isa = PBXFileReference; lastKnownFileType = file.storyboard; name = Base; path = Base.lproj/LaunchScreen.storyboard; sourceTree = "<group>"; };
		B86E48B4299FBCCC0037FCDC /* Info.plist */ = {isa = PBXFileReference; lastKnownFileType = text.plist.xml; path = Info.plist; sourceTree = "<group>"; };
		B86E48BC299FBD1C0037FCDC /* LoginVC.swift */ = {isa = PBXFileReference; fileEncoding = 4; lastKnownFileType = sourcecode.swift; path = LoginVC.swift; sourceTree = "<group>"; };
		B86E48BE299FBD1C0037FCDC /* LoginScreen.swift */ = {isa = PBXFileReference; fileEncoding = 4; lastKnownFileType = sourcecode.swift; path = LoginScreen.swift; sourceTree = "<group>"; };
		B86E48C1299FBD1D0037FCDC /* RegisterVC.swift */ = {isa = PBXFileReference; fileEncoding = 4; lastKnownFileType = sourcecode.swift; path = RegisterVC.swift; sourceTree = "<group>"; };
		B86E48C3299FBD1D0037FCDC /* RegisterScreen.swift */ = {isa = PBXFileReference; fileEncoding = 4; lastKnownFileType = sourcecode.swift; path = RegisterScreen.swift; sourceTree = "<group>"; };
		B86E48CD299FC2880037FCDC /* Alert.swift */ = {isa = PBXFileReference; lastKnownFileType = sourcecode.swift; path = Alert.swift; sourceTree = "<group>"; };
		B86E48CF299FC9A50037FCDC /* GoogleService-Info.plist */ = {isa = PBXFileReference; lastKnownFileType = text.plist; path = "GoogleService-Info.plist"; sourceTree = SOURCE_ROOT; };
		B86E48D2299FF8B70037FCDC /* Extension+UiView.swift */ = {isa = PBXFileReference; lastKnownFileType = sourcecode.swift; path = "Extension+UiView.swift"; sourceTree = "<group>"; };
		B86E48D4299FF9BF0037FCDC /* Custom.swift */ = {isa = PBXFileReference; lastKnownFileType = sourcecode.swift; path = Custom.swift; sourceTree = "<group>"; };
		B86E48D8299FFF050037FCDC /* Poppins-Medium.ttf */ = {isa = PBXFileReference; lastKnownFileType = file; path = "Poppins-Medium.ttf"; sourceTree = SOURCE_ROOT; };
		B86E48D9299FFF7D0037FCDC /* Poppins-Bold.ttf */ = {isa = PBXFileReference; lastKnownFileType = file; path = "Poppins-Bold.ttf"; sourceTree = SOURCE_ROOT; };
		B86E48DA299FFFAD0037FCDC /* Poppins-SemiBold.ttf */ = {isa = PBXFileReference; lastKnownFileType = file; path = "Poppins-SemiBold.ttf"; sourceTree = SOURCE_ROOT; };
		B86E48DB29A0009B0037FCDC /* Extension+Button.swift */ = {isa = PBXFileReference; lastKnownFileType = sourcecode.swift; path = "Extension+Button.swift"; sourceTree = "<group>"; };
		B86E48DD29A003610037FCDC /* Extension+String.swift */ = {isa = PBXFileReference; lastKnownFileType = sourcecode.swift; path = "Extension+String.swift"; sourceTree = "<group>"; };
		B86E48DF29A007240037FCDC /* button.wav */ = {isa = PBXFileReference; lastKnownFileType = audio.wav; path = button.wav; sourceTree = SOURCE_ROOT; };
		B86E48E229ACDA420037FCDC /* HomeViewController.swift */ = {isa = PBXFileReference; lastKnownFileType = sourcecode.swift; path = HomeViewController.swift; sourceTree = "<group>"; };
		B86E48E529ACDA9B0037FCDC /* HomeScreen.swift */ = {isa = PBXFileReference; lastKnownFileType = sourcecode.swift; path = HomeScreen.swift; sourceTree = "<group>"; };
		B86E48E829ACDB9C0037FCDC /* NavView.swift */ = {isa = PBXFileReference; lastKnownFileType = sourcecode.swift; path = NavView.swift; sourceTree = "<group>"; };
		B86E48EC29AD3CAE0037FCDC /* MessageAllModel.swift */ = {isa = PBXFileReference; lastKnownFileType = sourcecode.swift; path = MessageAllModel.swift; sourceTree = "<group>"; };
		B86E48EF29AD3F370037FCDC /* MessageLastCollectionViewCell.swift */ = {isa = PBXFileReference; lastKnownFileType = sourcecode.swift; path = MessageLastCollectionViewCell.swift; sourceTree = "<group>"; };
		B86E48F129AD423D0037FCDC /* MessageDetailCollectionViewCell.swift */ = {isa = PBXFileReference; lastKnownFileType = sourcecode.swift; path = MessageDetailCollectionViewCell.swift; sourceTree = "<group>"; };
		B86E48F429AE3E130037FCDC /* ContatoController.swift */ = {isa = PBXFileReference; lastKnownFileType = sourcecode.swift; path = ContatoController.swift; sourceTree = "<group>"; };
		B86E490029AE92040037FCDC /* ChatViewController.swift */ = {isa = PBXFileReference; fileEncoding = 4; lastKnownFileType = sourcecode.swift; path = ChatViewController.swift; sourceTree = "<group>"; };
		B86E490229AE92040037FCDC /* ChatNavigationView.swift */ = {isa = PBXFileReference; fileEncoding = 4; lastKnownFileType = sourcecode.swift; path = ChatNavigationView.swift; sourceTree = "<group>"; };
		B86E490429AE92040037FCDC /* OutgoingTextMessageTableViewCell.swift */ = {isa = PBXFileReference; fileEncoding = 4; lastKnownFileType = sourcecode.swift; path = OutgoingTextMessageTableViewCell.swift; sourceTree = "<group>"; };
		B86E490529AE92040037FCDC /* IncomingTextMessageTableViewCell.swift */ = {isa = PBXFileReference; fileEncoding = 4; lastKnownFileType = sourcecode.swift; path = IncomingTextMessageTableViewCell.swift; sourceTree = "<group>"; };
		B86E490729AE92040037FCDC /* ChatViewScreen.swift */ = {isa = PBXFileReference; fileEncoding = 4; lastKnownFileType = sourcecode.swift; path = ChatViewScreen.swift; sourceTree = "<group>"; };
		F50376005E4A5DBD2CD45A99 /* Pods_WhatsAppViewCode.framework */ = {isa = PBXFileReference; explicitFileType = wrapper.framework; includeInIndex = 0; path = Pods_WhatsAppViewCode.framework; sourceTree = BUILT_PRODUCTS_DIR; };
/* End PBXFileReference section */

/* Begin PBXFrameworksBuildPhase section */
		B86E48A0299FBCC00037FCDC /* Frameworks */ = {
			isa = PBXFrameworksBuildPhase;
			buildActionMask = 2147483647;
			files = (
				7E4597CCDC681C689310B67E /* Pods_WhatsAppViewCode.framework in Frameworks */,
			);
			runOnlyForDeploymentPostprocessing = 0;
		};
/* End PBXFrameworksBuildPhase section */

/* Begin PBXGroup section */
		691E53B55F77E06C349C574A /* Pods */ = {
			isa = PBXGroup;
			children = (
				3253F2A9E19F6E5C51A5B0D5 /* Pods-WhatsAppViewCode.debug.xcconfig */,
				8E7009F065A7310B49354C88 /* Pods-WhatsAppViewCode.release.xcconfig */,
			);
			path = Pods;
			sourceTree = "<group>";
		};
		6B320C9AFFD138C5E71EE7D0 /* Frameworks */ = {
			isa = PBXGroup;
			children = (
				F50376005E4A5DBD2CD45A99 /* Pods_WhatsAppViewCode.framework */,
			);
			name = Frameworks;
			sourceTree = "<group>";
		};
		B86E489A299FBCC00037FCDC = {
			isa = PBXGroup;
			children = (
				B86E48A5299FBCC00037FCDC /* WhatsAppViewCode */,
				B86E48A4299FBCC00037FCDC /* Products */,
				691E53B55F77E06C349C574A /* Pods */,
				6B320C9AFFD138C5E71EE7D0 /* Frameworks */,
			);
			sourceTree = "<group>";
		};
		B86E48A4299FBCC00037FCDC /* Products */ = {
			isa = PBXGroup;
			children = (
				B86E48A3299FBCC00037FCDC /* WhatsAppViewCode.app */,
			);
			name = Products;
			sourceTree = "<group>";
		};
		B86E48A5299FBCC00037FCDC /* WhatsAppViewCode */ = {
			isa = PBXGroup;
			children = (
				B86E48FF29AE92040037FCDC /* ChatViewController */,
				B86E48EB29AD3C880037FCDC /* Model */,
				B86E48D1299FF8930037FCDC /* Utils */,
				B86E48CC299FC2750037FCDC /* Alert */,
				B86E48E129ACDA100037FCDC /* Home */,
				B86E48BF299FBD1D0037FCDC /* Register */,
				B86E48BA299FBD1C0037FCDC /* Login */,
				B86E48A6299FBCC00037FCDC /* AppDelegate.swift */,
				B86E48A8299FBCC00037FCDC /* SceneDelegate.swift */,
				B86E48AF299FBCCC0037FCDC /* Assets.xcassets */,
				B86E48B1299FBCCC0037FCDC /* LaunchScreen.storyboard */,
				B86E48B4299FBCCC0037FCDC /* Info.plist */,
				B86E48CF299FC9A50037FCDC /* GoogleService-Info.plist */,
			);
			path = WhatsAppViewCode;
			sourceTree = "<group>";
		};
		B86E48BA299FBD1C0037FCDC /* Login */ = {
			isa = PBXGroup;
			children = (
				B86E48BB299FBD1C0037FCDC /* VC */,
				B86E48BD299FBD1C0037FCDC /* Screen */,
			);
			path = Login;
			sourceTree = "<group>";
		};
		B86E48BB299FBD1C0037FCDC /* VC */ = {
			isa = PBXGroup;
			children = (
				B86E48BC299FBD1C0037FCDC /* LoginVC.swift */,
			);
			path = VC;
			sourceTree = "<group>";
		};
		B86E48BD299FBD1C0037FCDC /* Screen */ = {
			isa = PBXGroup;
			children = (
				B86E48BE299FBD1C0037FCDC /* LoginScreen.swift */,
			);
			path = Screen;
			sourceTree = "<group>";
		};
		B86E48BF299FBD1D0037FCDC /* Register */ = {
			isa = PBXGroup;
			children = (
				B86E48C0299FBD1D0037FCDC /* ViewController */,
				B86E48C2299FBD1D0037FCDC /* Screen */,
			);
			path = Register;
			sourceTree = "<group>";
		};
		B86E48C0299FBD1D0037FCDC /* ViewController */ = {
			isa = PBXGroup;
			children = (
				B86E48C1299FBD1D0037FCDC /* RegisterVC.swift */,
			);
			path = ViewController;
			sourceTree = "<group>";
		};
		B86E48C2299FBD1D0037FCDC /* Screen */ = {
			isa = PBXGroup;
			children = (
				B86E48C3299FBD1D0037FCDC /* RegisterScreen.swift */,
			);
			path = Screen;
			sourceTree = "<group>";
		};
		B86E48CC299FC2750037FCDC /* Alert */ = {
			isa = PBXGroup;
			children = (
				B86E48CD299FC2880037FCDC /* Alert.swift */,
			);
			path = Alert;
			sourceTree = "<group>";
		};
		B86E48D1299FF8930037FCDC /* Utils */ = {
			isa = PBXGroup;
			children = (
				B86E48D2299FF8B70037FCDC /* Extension+UiView.swift */,
				B86E48DB29A0009B0037FCDC /* Extension+Button.swift */,
				B86E48DD29A003610037FCDC /* Extension+String.swift */,
				B86E48D4299FF9BF0037FCDC /* Custom.swift */,
				B86E48D6299FFE080037FCDC /* Fonts */,
				B86E48D7299FFE140037FCDC /* Sound */,
			);
			path = Utils;
			sourceTree = "<group>";
		};
		B86E48D6299FFE080037FCDC /* Fonts */ = {
			isa = PBXGroup;
			children = (
				B86E48D8299FFF050037FCDC /* Poppins-Medium.ttf */,
				B86E48D9299FFF7D0037FCDC /* Poppins-Bold.ttf */,
				B86E48DA299FFFAD0037FCDC /* Poppins-SemiBold.ttf */,
			);
			path = Fonts;
			sourceTree = "<group>";
		};
		B86E48D7299FFE140037FCDC /* Sound */ = {
			isa = PBXGroup;
			children = (
				B86E48DF29A007240037FCDC /* button.wav */,
			);
			path = Sound;
			sourceTree = "<group>";
		};
		B86E48E129ACDA100037FCDC /* Home */ = {
			isa = PBXGroup;
			children = (
				B86E48F329AE3DF80037FCDC /* Controller */,
				B86E48EA29ACE12A0037FCDC /* ViewController */,
				B86E48E429ACDA800037FCDC /* Screen */,
				B86E48E729ACDB690037FCDC /* NavView */,
				B86E48EE29AD3EFD0037FCDC /* Cell */,
			);
			path = Home;
			sourceTree = "<group>";
		};
		B86E48E429ACDA800037FCDC /* Screen */ = {
			isa = PBXGroup;
			children = (
				B86E48E529ACDA9B0037FCDC /* HomeScreen.swift */,
			);
			path = Screen;
			sourceTree = "<group>";
		};
		B86E48E729ACDB690037FCDC /* NavView */ = {
			isa = PBXGroup;
			children = (
				B86E48E829ACDB9C0037FCDC /* NavView.swift */,
			);
			path = NavView;
			sourceTree = "<group>";
		};
		B86E48EA29ACE12A0037FCDC /* ViewController */ = {
			isa = PBXGroup;
			children = (
				B86E48E229ACDA420037FCDC /* HomeViewController.swift */,
			);
			path = ViewController;
			sourceTree = "<group>";
		};
		B86E48EB29AD3C880037FCDC /* Model */ = {
			isa = PBXGroup;
			children = (
				B86E48EC29AD3CAE0037FCDC /* MessageAllModel.swift */,
			);
			path = Model;
			sourceTree = "<group>";
		};
		B86E48EE29AD3EFD0037FCDC /* Cell */ = {
			isa = PBXGroup;
			children = (
				B86E48EF29AD3F370037FCDC /* MessageLastCollectionViewCell.swift */,
				B86E48F129AD423D0037FCDC /* MessageDetailCollectionViewCell.swift */,
			);
			path = Cell;
			sourceTree = "<group>";
		};
		B86E48F329AE3DF80037FCDC /* Controller */ = {
			isa = PBXGroup;
			children = (
				B86E48F429AE3E130037FCDC /* ContatoController.swift */,
			);
			path = Controller;
			sourceTree = "<group>";
		};
		B86E48FF29AE92040037FCDC /* ChatViewController */ = {
			isa = PBXGroup;
			children = (
				B86E490029AE92040037FCDC /* ChatViewController.swift */,
				B86E490129AE92040037FCDC /* ChatNavigationView */,
				B86E490329AE92040037FCDC /* Cell */,
				B86E490629AE92040037FCDC /* Screen */,
			);
			path = ChatViewController;
			sourceTree = "<group>";
		};
		B86E490129AE92040037FCDC /* ChatNavigationView */ = {
			isa = PBXGroup;
			children = (
				B86E490229AE92040037FCDC /* ChatNavigationView.swift */,
			);
			path = ChatNavigationView;
			sourceTree = "<group>";
		};
		B86E490329AE92040037FCDC /* Cell */ = {
			isa = PBXGroup;
			children = (
				B86E490429AE92040037FCDC /* OutgoingTextMessageTableViewCell.swift */,
				B86E490529AE92040037FCDC /* IncomingTextMessageTableViewCell.swift */,
			);
			path = Cell;
			sourceTree = "<group>";
		};
		B86E490629AE92040037FCDC /* Screen */ = {
			isa = PBXGroup;
			children = (
				B86E490729AE92040037FCDC /* ChatViewScreen.swift */,
			);
			path = Screen;
			sourceTree = "<group>";
		};
/* End PBXGroup section */

/* Begin PBXNativeTarget section */
		B86E48A2299FBCC00037FCDC /* WhatsAppViewCode */ = {
			isa = PBXNativeTarget;
			buildConfigurationList = B86E48B7299FBCCC0037FCDC /* Build configuration list for PBXNativeTarget "WhatsAppViewCode" */;
			buildPhases = (
				02F58B38929CD149595ED03D /* [CP] Check Pods Manifest.lock */,
				B86E489F299FBCC00037FCDC /* Sources */,
				B86E48A0299FBCC00037FCDC /* Frameworks */,
				B86E48A1299FBCC00037FCDC /* Resources */,
				0D9F3BACD84CDDC72F963412 /* [CP] Embed Pods Frameworks */,
			);
			buildRules = (
			);
			dependencies = (
			);
			name = WhatsAppViewCode;
			productName = WhatsAppViewCode;
			productReference = B86E48A3299FBCC00037FCDC /* WhatsAppViewCode.app */;
			productType = "com.apple.product-type.application";
		};
/* End PBXNativeTarget section */

/* Begin PBXProject section */
		B86E489B299FBCC00037FCDC /* Project object */ = {
			isa = PBXProject;
			attributes = {
				BuildIndependentTargetsInParallel = 1;
				LastSwiftUpdateCheck = 1420;
				LastUpgradeCheck = 1420;
				TargetAttributes = {
					B86E48A2299FBCC00037FCDC = {
						CreatedOnToolsVersion = 14.2;
					};
				};
			};
			buildConfigurationList = B86E489E299FBCC00037FCDC /* Build configuration list for PBXProject "WhatsAppViewCode" */;
			compatibilityVersion = "Xcode 14.0";
			developmentRegion = en;
			hasScannedForEncodings = 0;
			knownRegions = (
				en,
				Base,
			);
			mainGroup = B86E489A299FBCC00037FCDC;
			productRefGroup = B86E48A4299FBCC00037FCDC /* Products */;
			projectDirPath = "";
			projectRoot = "";
			targets = (
				B86E48A2299FBCC00037FCDC /* WhatsAppViewCode */,
			);
		};
/* End PBXProject section */

/* Begin PBXResourcesBuildPhase section */
		B86E48A1299FBCC00037FCDC /* Resources */ = {
			isa = PBXResourcesBuildPhase;
			buildActionMask = 2147483647;
			files = (
				B86E48B3299FBCCC0037FCDC /* LaunchScreen.storyboard in Resources */,
				B86E48B0299FBCCC0037FCDC /* Assets.xcassets in Resources */,
				B86E48E029A007240037FCDC /* button.wav in Resources */,
				B86E48D0299FC9A50037FCDC /* GoogleService-Info.plist in Resources */,
			);
			runOnlyForDeploymentPostprocessing = 0;
		};
/* End PBXResourcesBuildPhase section */

/* Begin PBXShellScriptBuildPhase section */
		02F58B38929CD149595ED03D /* [CP] Check Pods Manifest.lock */ = {
			isa = PBXShellScriptBuildPhase;
			buildActionMask = 2147483647;
			files = (
			);
			inputFileListPaths = (
			);
			inputPaths = (
				"${PODS_PODFILE_DIR_PATH}/Podfile.lock",
				"${PODS_ROOT}/Manifest.lock",
			);
			name = "[CP] Check Pods Manifest.lock";
			outputFileListPaths = (
			);
			outputPaths = (
				"$(DERIVED_FILE_DIR)/Pods-WhatsAppViewCode-checkManifestLockResult.txt",
			);
			runOnlyForDeploymentPostprocessing = 0;
			shellPath = /bin/sh;
			shellScript = "diff \"${PODS_PODFILE_DIR_PATH}/Podfile.lock\" \"${PODS_ROOT}/Manifest.lock\" > /dev/null\nif [ $? != 0 ] ; then\n    # print error to STDERR\n    echo \"error: The sandbox is not in sync with the Podfile.lock. Run 'pod install' or update your CocoaPods installation.\" >&2\n    exit 1\nfi\n# This output is used by Xcode 'outputs' to avoid re-running this script phase.\necho \"SUCCESS\" > \"${SCRIPT_OUTPUT_FILE_0}\"\n";
			showEnvVarsInLog = 0;
		};
		0D9F3BACD84CDDC72F963412 /* [CP] Embed Pods Frameworks */ = {
			isa = PBXShellScriptBuildPhase;
			buildActionMask = 2147483647;
			files = (
			);
			inputFileListPaths = (
				"${PODS_ROOT}/Target Support Files/Pods-WhatsAppViewCode/Pods-WhatsAppViewCode-frameworks-${CONFIGURATION}-input-files.xcfilelist",
			);
			name = "[CP] Embed Pods Frameworks";
			outputFileListPaths = (
				"${PODS_ROOT}/Target Support Files/Pods-WhatsAppViewCode/Pods-WhatsAppViewCode-frameworks-${CONFIGURATION}-output-files.xcfilelist",
			);
			runOnlyForDeploymentPostprocessing = 0;
			shellPath = /bin/sh;
			shellScript = "\"${PODS_ROOT}/Target Support Files/Pods-WhatsAppViewCode/Pods-WhatsAppViewCode-frameworks.sh\"\n";
			showEnvVarsInLog = 0;
		};
/* End PBXShellScriptBuildPhase section */

/* Begin PBXSourcesBuildPhase section */
		B86E489F299FBCC00037FCDC /* Sources */ = {
			isa = PBXSourcesBuildPhase;
			buildActionMask = 2147483647;
			files = (
				B86E48D3299FF8B70037FCDC /* Extension+UiView.swift in Sources */,
				B86E48A7299FBCC00037FCDC /* AppDelegate.swift in Sources */,
				B86E490929AE92050037FCDC /* ChatNavigationView.swift in Sources */,
				B86E48C4299FBD1E0037FCDC /* LoginVC.swift in Sources */,
				B86E48C7299FBD1E0037FCDC /* RegisterScreen.swift in Sources */,
				B86E48C6299FBD1E0037FCDC /* RegisterVC.swift in Sources */,
				B86E48ED29AD3CAE0037FCDC /* MessageAllModel.swift in Sources */,
				B86E48D5299FF9BF0037FCDC /* Custom.swift in Sources */,
				B86E48E929ACDB9C0037FCDC /* NavView.swift in Sources */,
				B86E48F529AE3E140037FCDC /* ContatoController.swift in Sources */,
				B86E48E629ACDA9B0037FCDC /* HomeScreen.swift in Sources */,
				B86E48A9299FBCC00037FCDC /* SceneDelegate.swift in Sources */,
				B86E490C29AE92060037FCDC /* ChatViewScreen.swift in Sources */,
				B86E490829AE92050037FCDC /* ChatViewController.swift in Sources */,
				B86E48DE29A003610037FCDC /* Extension+String.swift in Sources */,
				B86E48C5299FBD1E0037FCDC /* LoginScreen.swift in Sources */,
				B86E48CE299FC2880037FCDC /* Alert.swift in Sources */,
				B86E48DC29A0009B0037FCDC /* Extension+Button.swift in Sources */,
				B86E48F029AD3F380037FCDC /* MessageLastCollectionViewCell.swift in Sources */,
				B86E490B29AE92060037FCDC /* IncomingTextMessageTableViewCell.swift in Sources */,
				B86E490A29AE92050037FCDC /* OutgoingTextMessageTableViewCell.swift in Sources */,
				B86E48E329ACDA420037FCDC /* HomeViewController.swift in Sources */,
				B86E48F229AD423D0037FCDC /* MessageDetailCollectionViewCell.swift in Sources */,
			);
			runOnlyForDeploymentPostprocessing = 0;
		};
/* End PBXSourcesBuildPhase section */

/* Begin PBXVariantGroup section */
		B86E48B1299FBCCC0037FCDC /* LaunchScreen.storyboard */ = {
			isa = PBXVariantGroup;
			children = (
				B86E48B2299FBCCC0037FCDC /* Base */,
			);
			name = LaunchScreen.storyboard;
			sourceTree = "<group>";
		};
/* End PBXVariantGroup section */

/* Begin XCBuildConfiguration section */
		B86E48B5299FBCCC0037FCDC /* Debug */ = {
			isa = XCBuildConfiguration;
			buildSettings = {
				ALWAYS_SEARCH_USER_PATHS = NO;
				CLANG_ANALYZER_NONNULL = YES;
				CLANG_ANALYZER_NUMBER_OBJECT_CONVERSION = YES_AGGRESSIVE;
				CLANG_CXX_LANGUAGE_STANDARD = "gnu++20";
				CLANG_ENABLE_MODULES = YES;
				CLANG_ENABLE_OBJC_ARC = YES;
				CLANG_ENABLE_OBJC_WEAK = YES;
				CLANG_WARN_BLOCK_CAPTURE_AUTORELEASING = YES;
				CLANG_WARN_BOOL_CONVERSION = YES;
				CLANG_WARN_COMMA = YES;
				CLANG_WARN_CONSTANT_CONVERSION = YES;
				CLANG_WARN_DEPRECATED_OBJC_IMPLEMENTATIONS = YES;
				CLANG_WARN_DIRECT_OBJC_ISA_USAGE = YES_ERROR;
				CLANG_WARN_DOCUMENTATION_COMMENTS = YES;
				CLANG_WARN_EMPTY_BODY = YES;
				CLANG_WARN_ENUM_CONVERSION = YES;
				CLANG_WARN_INFINITE_RECURSION = YES;
				CLANG_WARN_INT_CONVERSION = YES;
				CLANG_WARN_NON_LITERAL_NULL_CONVERSION = YES;
				CLANG_WARN_OBJC_IMPLICIT_RETAIN_SELF = YES;
				CLANG_WARN_OBJC_LITERAL_CONVERSION = YES;
				CLANG_WARN_OBJC_ROOT_CLASS = YES_ERROR;
				CLANG_WARN_QUOTED_INCLUDE_IN_FRAMEWORK_HEADER = YES;
				CLANG_WARN_RANGE_LOOP_ANALYSIS = YES;
				CLANG_WARN_STRICT_PROTOTYPES = YES;
				CLANG_WARN_SUSPICIOUS_MOVE = YES;
				CLANG_WARN_UNGUARDED_AVAILABILITY = YES_AGGRESSIVE;
				CLANG_WARN_UNREACHABLE_CODE = YES;
				CLANG_WARN__DUPLICATE_METHOD_MATCH = YES;
				COPY_PHASE_STRIP = NO;
				DEBUG_INFORMATION_FORMAT = dwarf;
				ENABLE_STRICT_OBJC_MSGSEND = YES;
				ENABLE_TESTABILITY = YES;
				GCC_C_LANGUAGE_STANDARD = gnu11;
				GCC_DYNAMIC_NO_PIC = NO;
				GCC_NO_COMMON_BLOCKS = YES;
				GCC_OPTIMIZATION_LEVEL = 0;
				GCC_PREPROCESSOR_DEFINITIONS = (
					"DEBUG=1",
					"$(inherited)",
				);
				GCC_WARN_64_TO_32_BIT_CONVERSION = YES;
				GCC_WARN_ABOUT_RETURN_TYPE = YES_ERROR;
				GCC_WARN_UNDECLARED_SELECTOR = YES;
				GCC_WARN_UNINITIALIZED_AUTOS = YES_AGGRESSIVE;
				GCC_WARN_UNUSED_FUNCTION = YES;
				GCC_WARN_UNUSED_VARIABLE = YES;
				IPHONEOS_DEPLOYMENT_TARGET = 16.2;
				MTL_ENABLE_DEBUG_INFO = INCLUDE_SOURCE;
				MTL_FAST_MATH = YES;
				ONLY_ACTIVE_ARCH = YES;
				SDKROOT = iphoneos;
				SWIFT_ACTIVE_COMPILATION_CONDITIONS = DEBUG;
				SWIFT_OPTIMIZATION_LEVEL = "-Onone";
			};
			name = Debug;
		};
		B86E48B6299FBCCC0037FCDC /* Release */ = {
			isa = XCBuildConfiguration;
			buildSettings = {
				ALWAYS_SEARCH_USER_PATHS = NO;
				CLANG_ANALYZER_NONNULL = YES;
				CLANG_ANALYZER_NUMBER_OBJECT_CONVERSION = YES_AGGRESSIVE;
				CLANG_CXX_LANGUAGE_STANDARD = "gnu++20";
				CLANG_ENABLE_MODULES = YES;
				CLANG_ENABLE_OBJC_ARC = YES;
				CLANG_ENABLE_OBJC_WEAK = YES;
				CLANG_WARN_BLOCK_CAPTURE_AUTORELEASING = YES;
				CLANG_WARN_BOOL_CONVERSION = YES;
				CLANG_WARN_COMMA = YES;
				CLANG_WARN_CONSTANT_CONVERSION = YES;
				CLANG_WARN_DEPRECATED_OBJC_IMPLEMENTATIONS = YES;
				CLANG_WARN_DIRECT_OBJC_ISA_USAGE = YES_ERROR;
				CLANG_WARN_DOCUMENTATION_COMMENTS = YES;
				CLANG_WARN_EMPTY_BODY = YES;
				CLANG_WARN_ENUM_CONVERSION = YES;
				CLANG_WARN_INFINITE_RECURSION = YES;
				CLANG_WARN_INT_CONVERSION = YES;
				CLANG_WARN_NON_LITERAL_NULL_CONVERSION = YES;
				CLANG_WARN_OBJC_IMPLICIT_RETAIN_SELF = YES;
				CLANG_WARN_OBJC_LITERAL_CONVERSION = YES;
				CLANG_WARN_OBJC_ROOT_CLASS = YES_ERROR;
				CLANG_WARN_QUOTED_INCLUDE_IN_FRAMEWORK_HEADER = YES;
				CLANG_WARN_RANGE_LOOP_ANALYSIS = YES;
				CLANG_WARN_STRICT_PROTOTYPES = YES;
				CLANG_WARN_SUSPICIOUS_MOVE = YES;
				CLANG_WARN_UNGUARDED_AVAILABILITY = YES_AGGRESSIVE;
				CLANG_WARN_UNREACHABLE_CODE = YES;
				CLANG_WARN__DUPLICATE_METHOD_MATCH = YES;
				COPY_PHASE_STRIP = NO;
				DEBUG_INFORMATION_FORMAT = "dwarf-with-dsym";
				ENABLE_NS_ASSERTIONS = NO;
				ENABLE_STRICT_OBJC_MSGSEND = YES;
				GCC_C_LANGUAGE_STANDARD = gnu11;
				GCC_NO_COMMON_BLOCKS = YES;
				GCC_WARN_64_TO_32_BIT_CONVERSION = YES;
				GCC_WARN_ABOUT_RETURN_TYPE = YES_ERROR;
				GCC_WARN_UNDECLARED_SELECTOR = YES;
				GCC_WARN_UNINITIALIZED_AUTOS = YES_AGGRESSIVE;
				GCC_WARN_UNUSED_FUNCTION = YES;
				GCC_WARN_UNUSED_VARIABLE = YES;
				IPHONEOS_DEPLOYMENT_TARGET = 16.2;
				MTL_ENABLE_DEBUG_INFO = NO;
				MTL_FAST_MATH = YES;
				SDKROOT = iphoneos;
				SWIFT_COMPILATION_MODE = wholemodule;
				SWIFT_OPTIMIZATION_LEVEL = "-O";
				VALIDATE_PRODUCT = YES;
			};
			name = Release;
		};
		B86E48B8299FBCCC0037FCDC /* Debug */ = {
			isa = XCBuildConfiguration;
			baseConfigurationReference = 3253F2A9E19F6E5C51A5B0D5 /* Pods-WhatsAppViewCode.debug.xcconfig */;
			buildSettings = {
				ASSETCATALOG_COMPILER_APPICON_NAME = AppIcon;
				ASSETCATALOG_COMPILER_GLOBAL_ACCENT_COLOR_NAME = AccentColor;
				CODE_SIGN_STYLE = Automatic;
				CURRENT_PROJECT_VERSION = 1;
				DEVELOPMENT_TEAM = Q8SXU7W6KW;
				GENERATE_INFOPLIST_FILE = YES;
				INFOPLIST_FILE = WhatsAppViewCode/Info.plist;
				INFOPLIST_KEY_UIApplicationSupportsIndirectInputEvents = YES;
				INFOPLIST_KEY_UILaunchStoryboardName = LaunchScreen;
				INFOPLIST_KEY_UISupportedInterfaceOrientations_iPad = "UIInterfaceOrientationPortrait UIInterfaceOrientationPortraitUpsideDown UIInterfaceOrientationLandscapeLeft UIInterfaceOrientationLandscapeRight";
				INFOPLIST_KEY_UISupportedInterfaceOrientations_iPhone = "UIInterfaceOrientationPortrait UIInterfaceOrientationLandscapeLeft UIInterfaceOrientationLandscapeRight";
				LD_RUNPATH_SEARCH_PATHS = (
					"$(inherited)",
					"@executable_path/Frameworks",
				);
				MARKETING_VERSION = 1.0;
				PRODUCT_BUNDLE_IDENTIFIER = "Tiago-Ivaszek-Jensen.WhatsAppViewCode";
				PRODUCT_NAME = "$(TARGET_NAME)";
				SWIFT_EMIT_LOC_STRINGS = YES;
				SWIFT_VERSION = 5.0;
				TARGETED_DEVICE_FAMILY = "1,2";
			};
			name = Debug;
		};
		B86E48B9299FBCCC0037FCDC /* Release */ = {
			isa = XCBuildConfiguration;
			baseConfigurationReference = 8E7009F065A7310B49354C88 /* Pods-WhatsAppViewCode.release.xcconfig */;
			buildSettings = {
				ASSETCATALOG_COMPILER_APPICON_NAME = AppIcon;
				ASSETCATALOG_COMPILER_GLOBAL_ACCENT_COLOR_NAME = AccentColor;
				CODE_SIGN_STYLE = Automatic;
				CURRENT_PROJECT_VERSION = 1;
				DEVELOPMENT_TEAM = Q8SXU7W6KW;
				GENERATE_INFOPLIST_FILE = YES;
				INFOPLIST_FILE = WhatsAppViewCode/Info.plist;
				INFOPLIST_KEY_UIApplicationSupportsIndirectInputEvents = YES;
				INFOPLIST_KEY_UILaunchStoryboardName = LaunchScreen;
				INFOPLIST_KEY_UISupportedInterfaceOrientations_iPad = "UIInterfaceOrientationPortrait UIInterfaceOrientationPortraitUpsideDown UIInterfaceOrientationLandscapeLeft UIInterfaceOrientationLandscapeRight";
				INFOPLIST_KEY_UISupportedInterfaceOrientations_iPhone = "UIInterfaceOrientationPortrait UIInterfaceOrientationLandscapeLeft UIInterfaceOrientationLandscapeRight";
				LD_RUNPATH_SEARCH_PATHS = (
					"$(inherited)",
					"@executable_path/Frameworks",
				);
				MARKETING_VERSION = 1.0;
				PRODUCT_BUNDLE_IDENTIFIER = "Tiago-Ivaszek-Jensen.WhatsAppViewCode";
				PRODUCT_NAME = "$(TARGET_NAME)";
				SWIFT_EMIT_LOC_STRINGS = YES;
				SWIFT_VERSION = 5.0;
				TARGETED_DEVICE_FAMILY = "1,2";
			};
			name = Release;
		};
/* End XCBuildConfiguration section */

/* Begin XCConfigurationList section */
		B86E489E299FBCC00037FCDC /* Build configuration list for PBXProject "WhatsAppViewCode" */ = {
			isa = XCConfigurationList;
			buildConfigurations = (
				B86E48B5299FBCCC0037FCDC /* Debug */,
				B86E48B6299FBCCC0037FCDC /* Release */,
			);
			defaultConfigurationIsVisible = 0;
			defaultConfigurationName = Release;
		};
		B86E48B7299FBCCC0037FCDC /* Build configuration list for PBXNativeTarget "WhatsAppViewCode" */ = {
			isa = XCConfigurationList;
			buildConfigurations = (
				B86E48B8299FBCCC0037FCDC /* Debug */,
				B86E48B9299FBCCC0037FCDC /* Release */,
			);
			defaultConfigurationIsVisible = 0;
			defaultConfigurationName = Release;
		};
/* End XCConfigurationList section */
	};
	rootObject = B86E489B299FBCC00037FCDC /* Project object */;
}
